{
  "requires": true,
  "lockfileVersion": 1,
  "dependencies": {
    "react-fade-in": {
      "version": "2.0.1",
      "resolved": "https://registry.npmjs.org/react-fade-in/-/react-fade-in-2.0.1.tgz",
      "integrity": "sha512-oqS/WT4znaXEHmL+yo0IDUDY7uC9K4RP35j1SdRUEBspR09B2iIC0i8oJ28tPOr6Ez/L2aktF9p89j+DbsTVNw=="
    }
  }
}
